{
  "nodes": {
    "nixpkgs": {
      "locked": {
        "lastModified": 1616174264,
        "narHash": "sha256-88Pu2xh1p2tixNxdijfqoCqq9ymkEx0d6jc7ycWavLo=",
        "owner": "NixOS",
        "repo": "nixpkgs",
        "rev": "f5e8bdd07d1afaabf6b37afc5497b1e498b8046f",
        "type": "github"
      },
      "original": {
        "id": "nixpkgs",
        "ref": "nixos-unstable",
        "type": "indirect"
      }
    },
    "root": {
      "inputs": {
        "nixpkgs": "nixpkgs"
      }
    }
  },
  "root": "root",
  "version": 7
}
